
Microsoft Visual Studio Solution File, Format Version 12.00
# Visual Studio Version 16
VisualStudioVersion = 16.0.29215.179
MinimumVisualStudioVersion = 10.0.40219.1
Project("{FAE04EC0-301F-11D3-BF4B-00C04F79EFBC}") = "Laba_3", "Laba_3\Laba_3.csproj", "{1A9AEA3F-A9B1-455A-8C4B-F68A011FBA8B}"
EndProject
Global
	GlobalSection(SolutionConfigurationPlatforms) = preSolution
		Debug|Any CPU = Debug|Any CPU
		Release|Any CPU = Release|Any CPU
	EndGlobalSection
	GlobalSection(ProjectConfigurationPlatforms) = postSolution
		{1A9AEA3F-A9B1-455A-8C4B-F68A011FBA8B}.Debug|Any CPU.ActiveCfg = Debug|Any CPU
		{1A9AEA3F-A9B1-455A-8C4B-F68A011FBA8B}.Debug|Any CPU.Build.0 = Debug|Any CPU
		{1A9AEA3F-A9B1-455A-8C4B-F68A011FBA8B}.Release|Any CPU.ActiveCfg = Release|Any CPU
		{1A9AEA3F-A9B1-455A-8C4B-F68A011FBA8B}.Release|Any CPU.Build.0 = Release|Any CPU
	EndGlobalSection
	GlobalSection(SolutionProperties) = preSolution
		HideSolutionNode = FALSE
	EndGlobalSection
	GlobalSection(ExtensibilityGlobals) = postSolution
		SolutionGuid = {BB3553B2-7C5B-40CE-9F53-E571B3DD84A0}
	EndGlobalSection
EndGlobal
